
Microsoft Visual Studio Solution File, Format Version 11.00
# Visual Studio 2010
Project("{FAE04EC0-301F-11D3-BF4B-00C04F79EFBC}") = "ServiceStack.Text.InlineTupleSerializer", "ServiceStack.Text.InlineTupleSerializer\ServiceStack.Text.InlineTupleSerializer.csproj", "{B23F81B7-2637-4636-B0A9-07DD0A93B3FF}"
EndProject
Project("{FAE04EC0-301F-11D3-BF4B-00C04F79EFBC}") = "ServiceStack.Text.InlineTupleSerializer.UnitTests", "ServiceStack.Text.InlineTupleSerializer.UnitTests\ServiceStack.Text.InlineTupleSerializer.UnitTests.csproj", "{D295053C-ADB4-4267-AEE7-BBB5208D1756}"
EndProject
Project("{2150E333-8FDC-42A3-9474-1A3956D46DE8}") = "Solution Items", "Solution Items", "{66028CD1-67E5-4F26-8254-215113D8AADD}"
	ProjectSection(SolutionItems) = preProject
		Local.testsettings = Local.testsettings
		ServiceStack.Text.InlineTupleSerializer.vsmdi = ServiceStack.Text.InlineTupleSerializer.vsmdi
		TraceAndTestImpact.testsettings = TraceAndTestImpact.testsettings
	EndProjectSection
EndProject
Project("{FAE04EC0-301F-11D3-BF4B-00C04F79EFBC}") = "ServiceStack.Text.InlineTupleSerializer.PerformanceTests", "ServiceStack.Text.InlineTupleSerializer.PerformanceTests\ServiceStack.Text.InlineTupleSerializer.PerformanceTests.csproj", "{33CFCF23-7AFA-4F60-912F-903266529F03}"
EndProject
Global
	GlobalSection(TestCaseManagementSettings) = postSolution
		CategoryFile = ServiceStack.Text.InlineTupleSerializer.vsmdi
	EndGlobalSection
	GlobalSection(SolutionConfigurationPlatforms) = preSolution
		Debug|Any CPU = Debug|Any CPU
		Release|Any CPU = Release|Any CPU
	EndGlobalSection
	GlobalSection(ProjectConfigurationPlatforms) = postSolution
		{B23F81B7-2637-4636-B0A9-07DD0A93B3FF}.Debug|Any CPU.ActiveCfg = Debug|Any CPU
		{B23F81B7-2637-4636-B0A9-07DD0A93B3FF}.Debug|Any CPU.Build.0 = Debug|Any CPU
		{B23F81B7-2637-4636-B0A9-07DD0A93B3FF}.Release|Any CPU.ActiveCfg = Release|Any CPU
		{B23F81B7-2637-4636-B0A9-07DD0A93B3FF}.Release|Any CPU.Build.0 = Release|Any CPU
		{D295053C-ADB4-4267-AEE7-BBB5208D1756}.Debug|Any CPU.ActiveCfg = Debug|Any CPU
		{D295053C-ADB4-4267-AEE7-BBB5208D1756}.Debug|Any CPU.Build.0 = Debug|Any CPU
		{D295053C-ADB4-4267-AEE7-BBB5208D1756}.Release|Any CPU.ActiveCfg = Release|Any CPU
		{D295053C-ADB4-4267-AEE7-BBB5208D1756}.Release|Any CPU.Build.0 = Release|Any CPU
		{33CFCF23-7AFA-4F60-912F-903266529F03}.Debug|Any CPU.ActiveCfg = Debug|Any CPU
		{33CFCF23-7AFA-4F60-912F-903266529F03}.Debug|Any CPU.Build.0 = Debug|Any CPU
		{33CFCF23-7AFA-4F60-912F-903266529F03}.Release|Any CPU.ActiveCfg = Release|Any CPU
		{33CFCF23-7AFA-4F60-912F-903266529F03}.Release|Any CPU.Build.0 = Release|Any CPU
	EndGlobalSection
	GlobalSection(SolutionProperties) = preSolution
		HideSolutionNode = FALSE
	EndGlobalSection
EndGlobal
